
Microsoft Visual Studio Solution File, Format Version 12.00
# Visual Studio Version 17
VisualStudioVersion = 17.0.31903.59
MinimumVisualStudioVersion = 10.0.40219.1
Project("{FAE04EC0-301F-11D3-BF4B-00C04F79EFBC}") = "NodeGraphModLab.Core", "NodeGraphModLab.Core\NodeGraphModLab.Core.csproj", "{C702110C-5904-45CC-AE1A-15162CE12912}"
EndProject
Project("{FAE04EC0-301F-11D3-BF4B-00C04F79EFBC}") = "NodeGraphModLab.NodeAPI", "NodeGraphModLab.NodeAPI\NodeGraphModLab.NodeAPI.csproj", "{E2C5E931-930C-440D-B65B-0F5D99F189F9}"
EndProject
Project("{FAE04EC0-301F-11D3-BF4B-00C04F79EFBC}") = "NodeGraphModLab.HostLogging", "NodeGraphModLab.HostLogging\NodeGraphModLab.HostLogging.csproj", "{462FE95B-144C-4AE8-B593-067349E3F854}"
EndProject
Project("{FAE04EC0-301F-11D3-BF4B-00C04F79EFBC}") = "NodeGraphModLab.BuiltinNodes", "NodeGraphModLab.BuiltinNodes\NodeGraphModLab.BuiltinNodes.csproj", "{D0F9495E-CCA3-4FF1-A169-AB1C00CBC78F}"
EndProject
Global
	GlobalSection(SolutionConfigurationPlatforms) = preSolution
		Debug|Any CPU = Debug|Any CPU
		Debug|x64 = Debug|x64
		Debug|x86 = Debug|x86
		Release|Any CPU = Release|Any CPU
		Release|x64 = Release|x64
		Release|x86 = Release|x86
	EndGlobalSection
	GlobalSection(ProjectConfigurationPlatforms) = postSolution
		{C702110C-5904-45CC-AE1A-15162CE12912}.Debug|Any CPU.ActiveCfg = Debug|Any CPU
		{C702110C-5904-45CC-AE1A-15162CE12912}.Debug|Any CPU.Build.0 = Debug|Any CPU
		{C702110C-5904-45CC-AE1A-15162CE12912}.Debug|x64.ActiveCfg = Debug|Any CPU
		{C702110C-5904-45CC-AE1A-15162CE12912}.Debug|x64.Build.0 = Debug|Any CPU
		{C702110C-5904-45CC-AE1A-15162CE12912}.Debug|x86.ActiveCfg = Debug|Any CPU
		{C702110C-5904-45CC-AE1A-15162CE12912}.Debug|x86.Build.0 = Debug|Any CPU
		{C702110C-5904-45CC-AE1A-15162CE12912}.Release|Any CPU.ActiveCfg = Release|Any CPU
		{C702110C-5904-45CC-AE1A-15162CE12912}.Release|Any CPU.Build.0 = Release|Any CPU
		{C702110C-5904-45CC-AE1A-15162CE12912}.Release|x64.ActiveCfg = Release|Any CPU
		{C702110C-5904-45CC-AE1A-15162CE12912}.Release|x64.Build.0 = Release|Any CPU
		{C702110C-5904-45CC-AE1A-15162CE12912}.Release|x86.ActiveCfg = Release|Any CPU
		{C702110C-5904-45CC-AE1A-15162CE12912}.Release|x86.Build.0 = Release|Any CPU
		{E2C5E931-930C-440D-B65B-0F5D99F189F9}.Debug|Any CPU.ActiveCfg = Debug|Any CPU
		{E2C5E931-930C-440D-B65B-0F5D99F189F9}.Debug|Any CPU.Build.0 = Debug|Any CPU
		{E2C5E931-930C-440D-B65B-0F5D99F189F9}.Debug|x64.ActiveCfg = Debug|Any CPU
		{E2C5E931-930C-440D-B65B-0F5D99F189F9}.Debug|x64.Build.0 = Debug|Any CPU
		{E2C5E931-930C-440D-B65B-0F5D99F189F9}.Debug|x86.ActiveCfg = Debug|Any CPU
		{E2C5E931-930C-440D-B65B-0F5D99F189F9}.Debug|x86.Build.0 = Debug|Any CPU
		{E2C5E931-930C-440D-B65B-0F5D99F189F9}.Release|Any CPU.ActiveCfg = Release|Any CPU
		{E2C5E931-930C-440D-B65B-0F5D99F189F9}.Release|Any CPU.Build.0 = Release|Any CPU
		{E2C5E931-930C-440D-B65B-0F5D99F189F9}.Release|x64.ActiveCfg = Release|Any CPU
		{E2C5E931-930C-440D-B65B-0F5D99F189F9}.Release|x64.Build.0 = Release|Any CPU
		{E2C5E931-930C-440D-B65B-0F5D99F189F9}.Release|x86.ActiveCfg = Release|Any CPU
		{E2C5E931-930C-440D-B65B-0F5D99F189F9}.Release|x86.Build.0 = Release|Any CPU
		{462FE95B-144C-4AE8-B593-067349E3F854}.Debug|Any CPU.ActiveCfg = Debug|Any CPU
		{462FE95B-144C-4AE8-B593-067349E3F854}.Debug|Any CPU.Build.0 = Debug|Any CPU
		{462FE95B-144C-4AE8-B593-067349E3F854}.Debug|x64.ActiveCfg = Debug|Any CPU
		{462FE95B-144C-4AE8-B593-067349E3F854}.Debug|x64.Build.0 = Debug|Any CPU
		{462FE95B-144C-4AE8-B593-067349E3F854}.Debug|x86.ActiveCfg = Debug|Any CPU
		{462FE95B-144C-4AE8-B593-067349E3F854}.Debug|x86.Build.0 = Debug|Any CPU
		{462FE95B-144C-4AE8-B593-067349E3F854}.Release|Any CPU.ActiveCfg = Release|Any CPU
		{462FE95B-144C-4AE8-B593-067349E3F854}.Release|Any CPU.Build.0 = Release|Any CPU
		{462FE95B-144C-4AE8-B593-067349E3F854}.Release|x64.ActiveCfg = Release|Any CPU
		{462FE95B-144C-4AE8-B593-067349E3F854}.Release|x64.Build.0 = Release|Any CPU
		{462FE95B-144C-4AE8-B593-067349E3F854}.Release|x86.ActiveCfg = Release|Any CPU
		{462FE95B-144C-4AE8-B593-067349E3F854}.Release|x86.Build.0 = Release|Any CPU
		{D0F9495E-CCA3-4FF1-A169-AB1C00CBC78F}.Debug|Any CPU.ActiveCfg = Debug|Any CPU
		{D0F9495E-CCA3-4FF1-A169-AB1C00CBC78F}.Debug|Any CPU.Build.0 = Debug|Any CPU
		{D0F9495E-CCA3-4FF1-A169-AB1C00CBC78F}.Debug|x64.ActiveCfg = Debug|Any CPU
		{D0F9495E-CCA3-4FF1-A169-AB1C00CBC78F}.Debug|x64.Build.0 = Debug|Any CPU
		{D0F9495E-CCA3-4FF1-A169-AB1C00CBC78F}.Debug|x86.ActiveCfg = Debug|Any CPU
		{D0F9495E-CCA3-4FF1-A169-AB1C00CBC78F}.Debug|x86.Build.0 = Debug|Any CPU
		{D0F9495E-CCA3-4FF1-A169-AB1C00CBC78F}.Release|Any CPU.ActiveCfg = Release|Any CPU
		{D0F9495E-CCA3-4FF1-A169-AB1C00CBC78F}.Release|Any CPU.Build.0 = Release|Any CPU
		{D0F9495E-CCA3-4FF1-A169-AB1C00CBC78F}.Release|x64.ActiveCfg = Release|Any CPU
		{D0F9495E-CCA3-4FF1-A169-AB1C00CBC78F}.Release|x64.Build.0 = Release|Any CPU
		{D0F9495E-CCA3-4FF1-A169-AB1C00CBC78F}.Release|x86.ActiveCfg = Release|Any CPU
		{D0F9495E-CCA3-4FF1-A169-AB1C00CBC78F}.Release|x86.Build.0 = Release|Any CPU
	EndGlobalSection
	GlobalSection(SolutionProperties) = preSolution
		HideSolutionNode = FALSE
	EndGlobalSection
EndGlobal
